// !$*UTF8*$!
{
	archiveVersion = 1;
	classes = {
	};
	objectVersion = 50;
	objects = {

/* Begin PBXBuildFile section */
		2F5BE0BD2458C6A50059FD53 /* EmployeeInformationVC.swift in Sources */ = {isa = PBXBuildFile; fileRef = 2F5BE0BC2458C6A50059FD53 /* EmployeeInformationVC.swift */; };
		2F6A72252458D1310029E0EC /* EmployeeDepartmentVC.swift in Sources */ = {isa = PBXBuildFile; fileRef = 2F6A72242458D1310029E0EC /* EmployeeDepartmentVC.swift */; };
		2F773A9624532AB900E4C928 /* AppDelegate.swift in Sources */ = {isa = PBXBuildFile; fileRef = 2F773A9524532AB900E4C928 /* AppDelegate.swift */; };
		2F773A9824532AB900E4C928 /* SceneDelegate.swift in Sources */ = {isa = PBXBuildFile; fileRef = 2F773A9724532AB900E4C928 /* SceneDelegate.swift */; };
		2F773A9A24532AB900E4C928 /* ViewController.swift in Sources */ = {isa = PBXBuildFile; fileRef = 2F773A9924532AB900E4C928 /* ViewController.swift */; };
		2F773A9D24532AB900E4C928 /* Main.storyboard in Resources */ = {isa = PBXBuildFile; fileRef = 2F773A9B24532AB900E4C928 /* Main.storyboard */; };
		2F773A9F24532ABB00E4C928 /* Assets.xcassets in Resources */ = {isa = PBXBuildFile; fileRef = 2F773A9E24532ABB00E4C928 /* Assets.xcassets */; };
		2F773AA224532ABB00E4C928 /* LaunchScreen.storyboard in Resources */ = {isa = PBXBuildFile; fileRef = 2F773AA024532ABB00E4C928 /* LaunchScreen.storyboard */; };
		2F773AAE24549EF900E4C928 /* Employee.swift in Sources */ = {isa = PBXBuildFile; fileRef = 2F773AAD24549EF900E4C928 /* Employee.swift */; };
		2F773AB02454CD7200E4C928 /* EmployeeCell.swift in Sources */ = {isa = PBXBuildFile; fileRef = 2F773AAF2454CD7200E4C928 /* EmployeeCell.swift */; };
		2F773AB62454CE2000E4C928 /* EmployeeTableVC.swift in Sources */ = {isa = PBXBuildFile; fileRef = 2F773AB52454CE2000E4C928 /* EmployeeTableVC.swift */; };
		2F773AB82454FD8B00E4C928 /* SkidAPIManager.swift in Sources */ = {isa = PBXBuildFile; fileRef = 2F773AB72454FD8B00E4C928 /* SkidAPIManager.swift */; };
/* End PBXBuildFile section */

/* Begin PBXFileReference section */
		2F5BE0BC2458C6A50059FD53 /* EmployeeInformationVC.swift */ = {isa = PBXFileReference; lastKnownFileType = sourcecode.swift; path = EmployeeInformationVC.swift; sourceTree = "<group>"; };
		2F6A72242458D1310029E0EC /* EmployeeDepartmentVC.swift */ = {isa = PBXFileReference; lastKnownFileType = sourcecode.swift; path = EmployeeDepartmentVC.swift; sourceTree = "<group>"; };
		2F773A9224532AB900E4C928 /* Skid.app */ = {isa = PBXFileReference; explicitFileType = wrapper.application; includeInIndex = 0; path = Skid.app; sourceTree = BUILT_PRODUCTS_DIR; };
		2F773A9524532AB900E4C928 /* AppDelegate.swift */ = {isa = PBXFileReference; lastKnownFileType = sourcecode.swift; path = AppDelegate.swift; sourceTree = "<group>"; };
		2F773A9724532AB900E4C928 /* SceneDelegate.swift */ = {isa = PBXFileReference; lastKnownFileType = sourcecode.swift; path = SceneDelegate.swift; sourceTree = "<group>"; };
		2F773A9924532AB900E4C928 /* ViewController.swift */ = {isa = PBXFileReference; lastKnownFileType = sourcecode.swift; path = ViewController.swift; sourceTree = "<group>"; };
		2F773A9C24532AB900E4C928 /* Base */ = {isa = PBXFileReference; lastKnownFileType = file.storyboard; name = Base; path = Base.lproj/Main.storyboard; sourceTree = "<group>"; };
		2F773A9E24532ABB00E4C928 /* Assets.xcassets */ = {isa = PBXFileReference; lastKnownFileType = folder.assetcatalog; path = Assets.xcassets; sourceTree = "<group>"; };
		2F773AA124532ABB00E4C928 /* Base */ = {isa = PBXFileReference; lastKnownFileType = file.storyboard; name = Base; path = Base.lproj/LaunchScreen.storyboard; sourceTree = "<group>"; };
		2F773AA324532ABB00E4C928 /* Info.plist */ = {isa = PBXFileReference; lastKnownFileType = text.plist.xml; path = Info.plist; sourceTree = "<group>"; };
		2F773AAD24549EF900E4C928 /* Employee.swift */ = {isa = PBXFileReference; lastKnownFileType = sourcecode.swift; path = Employee.swift; sourceTree = "<group>"; };
		2F773AAF2454CD7200E4C928 /* EmployeeCell.swift */ = {isa = PBXFileReference; lastKnownFileType = sourcecode.swift; path = EmployeeCell.swift; sourceTree = "<group>"; };
		2F773AB52454CE2000E4C928 /* EmployeeTableVC.swift */ = {isa = PBXFileReference; lastKnownFileType = sourcecode.swift; path = EmployeeTableVC.swift; sourceTree = "<group>"; };
		2F773AB72454FD8B00E4C928 /* SkidAPIManager.swift */ = {isa = PBXFileReference; lastKnownFileType = sourcecode.swift; path = SkidAPIManager.swift; sourceTree = "<group>"; };
/* End PBXFileReference section */

/* Begin PBXFrameworksBuildPhase section */
		2F773A8F24532AB900E4C928 /* Frameworks */ = {
			isa = PBXFrameworksBuildPhase;
			buildActionMask = 2147483647;
			files = (
			);
			runOnlyForDeploymentPostprocessing = 0;
		};
/* End PBXFrameworksBuildPhase section */

/* Begin PBXGroup section */
		2F5BE0BE2458CB310059FD53 /* EmployeeVCs */ = {
			isa = PBXGroup;
			children = (
				2F773AB52454CE2000E4C928 /* EmployeeTableVC.swift */,
				2F5BE0BC2458C6A50059FD53 /* EmployeeInformationVC.swift */,
				2F6A72242458D1310029E0EC /* EmployeeDepartmentVC.swift */,
			);
			path = EmployeeVCs;
			sourceTree = "<group>";
		};
		2F773A8924532AB900E4C928 = {
			isa = PBXGroup;
			children = (
				2F773A9424532AB900E4C928 /* Skid */,
				2F773A9324532AB900E4C928 /* Products */,
			);
			sourceTree = "<group>";
		};
		2F773A9324532AB900E4C928 /* Products */ = {
			isa = PBXGroup;
			children = (
				2F773A9224532AB900E4C928 /* Skid.app */,
			);
			name = Products;
			sourceTree = "<group>";
		};
		2F773A9424532AB900E4C928 /* Skid */ = {
			isa = PBXGroup;
			children = (
				2F5BE0BE2458CB310059FD53 /* EmployeeVCs */,
				2F773ABA2455090A00E4C928 /* APIManager */,
				2F773AB9245508E200E4C928 /* Model */,
				2F773A9524532AB900E4C928 /* AppDelegate.swift */,
				2F773A9724532AB900E4C928 /* SceneDelegate.swift */,
				2F773A9924532AB900E4C928 /* ViewController.swift */,
				2F773AAF2454CD7200E4C928 /* EmployeeCell.swift */,
				2F773A9B24532AB900E4C928 /* Main.storyboard */,
				2F773A9E24532ABB00E4C928 /* Assets.xcassets */,
				2F773AA024532ABB00E4C928 /* LaunchScreen.storyboard */,
				2F773AA324532ABB00E4C928 /* Info.plist */,
			);
			path = Skid;
			sourceTree = "<group>";
		};
		2F773AB9245508E200E4C928 /* Model */ = {
			isa = PBXGroup;
			children = (
				2F773AAD24549EF900E4C928 /* Employee.swift */,
			);
			path = Model;
			sourceTree = "<group>";
		};
		2F773ABA2455090A00E4C928 /* APIManager */ = {
			isa = PBXGroup;
			children = (
				2F773AB72454FD8B00E4C928 /* SkidAPIManager.swift */,
			);
			path = APIManager;
			sourceTree = "<group>";
		};
/* End PBXGroup section */

/* Begin PBXNativeTarget section */
		2F773A9124532AB900E4C928 /* Skid */ = {
			isa = PBXNativeTarget;
			buildConfigurationList = 2F773AA624532ABB00E4C928 /* Build configuration list for PBXNativeTarget "Skid" */;
			buildPhases = (
				2F773A8E24532AB900E4C928 /* Sources */,
				2F773A8F24532AB900E4C928 /* Frameworks */,
				2F773A9024532AB900E4C928 /* Resources */,
			);
			buildRules = (
			);
			dependencies = (
			);
			name = Skid;
			productName = Skid;
			productReference = 2F773A9224532AB900E4C928 /* Skid.app */;
			productType = "com.apple.product-type.application";
		};
/* End PBXNativeTarget section */

/* Begin PBXProject section */
		2F773A8A24532AB900E4C928 /* Project object */ = {
			isa = PBXProject;
			attributes = {
				LastSwiftUpdateCheck = 1130;
				LastUpgradeCheck = 1130;
				ORGANIZATIONNAME = Tyler;
				TargetAttributes = {
					2F773A9124532AB900E4C928 = {
						CreatedOnToolsVersion = 11.3.1;
					};
				};
			};
			buildConfigurationList = 2F773A8D24532AB900E4C928 /* Build configuration list for PBXProject "Skid" */;
			compatibilityVersion = "Xcode 9.3";
			developmentRegion = en;
			hasScannedForEncodings = 0;
			knownRegions = (
				en,
				Base,
			);
			mainGroup = 2F773A8924532AB900E4C928;
			productRefGroup = 2F773A9324532AB900E4C928 /* Products */;
			projectDirPath = "";
			projectRoot = "";
			targets = (
				2F773A9124532AB900E4C928 /* Skid */,
			);
		};
/* End PBXProject section */

/* Begin PBXResourcesBuildPhase section */
		2F773A9024532AB900E4C928 /* Resources */ = {
			isa = PBXResourcesBuildPhase;
			buildActionMask = 2147483647;
			files = (
				2F773AA224532ABB00E4C928 /* LaunchScreen.storyboard in Resources */,
				2F773A9F24532ABB00E4C928 /* Assets.xcassets in Resources */,
				2F773A9D24532AB900E4C928 /* Main.storyboard in Resources */,
			);
			runOnlyForDeploymentPostprocessing = 0;
		};
/* End PBXResourcesBuildPhase section */

/* Begin PBXSourcesBuildPhase section */
		2F773A8E24532AB900E4C928 /* Sources */ = {
			isa = PBXSourcesBuildPhase;
			buildActionMask = 2147483647;
			files = (
				2F773A9A24532AB900E4C928 /* ViewController.swift in Sources */,
				2F773AB62454CE2000E4C928 /* EmployeeTableVC.swift in Sources */,
				2F6A72252458D1310029E0EC /* EmployeeDepartmentVC.swift in Sources */,
				2F773AAE24549EF900E4C928 /* Employee.swift in Sources */,
				2F773A9624532AB900E4C928 /* AppDelegate.swift in Sources */,
				2F773A9824532AB900E4C928 /* SceneDelegate.swift in Sources */,
				2F5BE0BD2458C6A50059FD53 /* EmployeeInformationVC.swift in Sources */,
				2F773AB02454CD7200E4C928 /* EmployeeCell.swift in Sources */,
				2F773AB82454FD8B00E4C928 /* SkidAPIManager.swift in Sources */,
			);
			runOnlyForDeploymentPostprocessing = 0;
		};
/* End PBXSourcesBuildPhase section */

/* Begin PBXVariantGroup section */
		2F773A9B24532AB900E4C928 /* Main.storyboard */ = {
			isa = PBXVariantGroup;
			children = (
				2F773A9C24532AB900E4C928 /* Base */,
			);
			name = Main.storyboard;
			sourceTree = "<group>";
		};
		2F773AA024532ABB00E4C928 /* LaunchScreen.storyboard */ = {
			isa = PBXVariantGroup;
			children = (
				2F773AA124532ABB00E4C928 /* Base */,
			);
			name = LaunchScreen.storyboard;
			sourceTree = "<group>";
		};
/* End PBXVariantGroup section */

/* Begin XCBuildConfiguration section */
		2F773AA424532ABB00E4C928 /* Debug */ = {
			isa = XCBuildConfiguration;
			buildSettings = {
				ALWAYS_SEARCH_USER_PATHS = NO;
				CLANG_ANALYZER_NONNULL = YES;
				CLANG_ANALYZER_NUMBER_OBJECT_CONVERSION = YES_AGGRESSIVE;
				CLANG_CXX_LANGUAGE_STANDARD = "gnu++14";
				CLANG_CXX_LIBRARY = "libc++";
				CLANG_ENABLE_MODULES = YES;
				CLANG_ENABLE_OBJC_ARC = YES;
				CLANG_ENABLE_OBJC_WEAK = YES;
				CLANG_WARN_BLOCK_CAPTURE_AUTORELEASING = YES;
				CLANG_WARN_BOOL_CONVERSION = YES;
				CLANG_WARN_COMMA = YES;
				CLANG_WARN_CONSTANT_CONVERSION = YES;
				CLANG_WARN_DEPRECATED_OBJC_IMPLEMENTATIONS = YES;
				CLANG_WARN_DIRECT_OBJC_ISA_USAGE = YES_ERROR;
				CLANG_WARN_DOCUMENTATION_COMMENTS = YES;
				CLANG_WARN_EMPTY_BODY = YES;
				CLANG_WARN_ENUM_CONVERSION = YES;
				CLANG_WARN_INFINITE_RECURSION = YES;
				CLANG_WARN_INT_CONVERSION = YES;
				CLANG_WARN_NON_LITERAL_NULL_CONVERSION = YES;
				CLANG_WARN_OBJC_IMPLICIT_RETAIN_SELF = YES;
				CLANG_WARN_OBJC_LITERAL_CONVERSION = YES;
				CLANG_WARN_OBJC_ROOT_CLASS = YES_ERROR;
				CLANG_WARN_RANGE_LOOP_ANALYSIS = YES;
				CLANG_WARN_STRICT_PROTOTYPES = YES;
				CLANG_WARN_SUSPICIOUS_MOVE = YES;
				CLANG_WARN_UNGUARDED_AVAILABILITY = YES_AGGRESSIVE;
				CLANG_WARN_UNREACHABLE_CODE = YES;
				CLANG_WARN__DUPLICATE_METHOD_MATCH = YES;
				COPY_PHASE_STRIP = NO;
				DEBUG_INFORMATION_FORMAT = dwarf;
				ENABLE_STRICT_OBJC_MSGSEND = YES;
				ENABLE_TESTABILITY = YES;
				GCC_C_LANGUAGE_STANDARD = gnu11;
				GCC_DYNAMIC_NO_PIC = NO;
				GCC_NO_COMMON_BLOCKS = YES;
				GCC_OPTIMIZATION_LEVEL = 0;
				GCC_PREPROCESSOR_DEFINITIONS = (
					"DEBUG=1",
					"$(inherited)",
				);
				GCC_WARN_64_TO_32_BIT_CONVERSION = YES;
				GCC_WARN_ABOUT_RETURN_TYPE = YES_ERROR;
				GCC_WARN_UNDECLARED_SELECTOR = YES;
				GCC_WARN_UNINITIALIZED_AUTOS = YES_AGGRESSIVE;
				GCC_WARN_UNUSED_FUNCTION = YES;
				GCC_WARN_UNUSED_VARIABLE = YES;
				IPHONEOS_DEPLOYMENT_TARGET = 13.2;
				MTL_ENABLE_DEBUG_INFO = INCLUDE_SOURCE;
				MTL_FAST_MATH = YES;
				ONLY_ACTIVE_ARCH = YES;
				SDKROOT = iphoneos;
				SWIFT_ACTIVE_COMPILATION_CONDITIONS = DEBUG;
				SWIFT_OPTIMIZATION_LEVEL = "-Onone";
			};
			name = Debug;
		};
		2F773AA524532ABB00E4C928 /* Release */ = {
			isa = XCBuildConfiguration;
			buildSettings = {
				ALWAYS_SEARCH_USER_PATHS = NO;
				CLANG_ANALYZER_NONNULL = YES;
				CLANG_ANALYZER_NUMBER_OBJECT_CONVERSION = YES_AGGRESSIVE;
				CLANG_CXX_LANGUAGE_STANDARD = "gnu++14";
				CLANG_CXX_LIBRARY = "libc++";
				CLANG_ENABLE_MODULES = YES;
				CLANG_ENABLE_OBJC_ARC = YES;
				CLANG_ENABLE_OBJC_WEAK = YES;
				CLANG_WARN_BLOCK_CAPTURE_AUTORELEASING = YES;
				CLANG_WARN_BOOL_CONVERSION = YES;
				CLANG_WARN_COMMA = YES;
				CLANG_WARN_CONSTANT_CONVERSION = YES;
				CLANG_WARN_DEPRECATED_OBJC_IMPLEMENTATIONS = YES;
				CLANG_WARN_DIRECT_OBJC_ISA_USAGE = YES_ERROR;
				CLANG_WARN_DOCUMENTATION_COMMENTS = YES;
				CLANG_WARN_EMPTY_BODY = YES;
				CLANG_WARN_ENUM_CONVERSION = YES;
				CLANG_WARN_INFINITE_RECURSION = YES;
				CLANG_WARN_INT_CONVERSION = YES;
				CLANG_WARN_NON_LITERAL_NULL_CONVERSION = YES;
				CLANG_WARN_OBJC_IMPLICIT_RETAIN_SELF = YES;
				CLANG_WARN_OBJC_LITERAL_CONVERSION = YES;
				CLANG_WARN_OBJC_ROOT_CLASS = YES_ERROR;
				CLANG_WARN_RANGE_LOOP_ANALYSIS = YES;
				CLANG_WARN_STRICT_PROTOTYPES = YES;
				CLANG_WARN_SUSPICIOUS_MOVE = YES;
				CLANG_WARN_UNGUARDED_AVAILABILITY = YES_AGGRESSIVE;
				CLANG_WARN_UNREACHABLE_CODE = YES;
				CLANG_WARN__DUPLICATE_METHOD_MATCH = YES;
				COPY_PHASE_STRIP = NO;
				DEBUG_INFORMATION_FORMAT = "dwarf-with-dsym";
				ENABLE_NS_ASSERTIONS = NO;
				ENABLE_STRICT_OBJC_MSGSEND = YES;
				GCC_C_LANGUAGE_STANDARD = gnu11;
				GCC_NO_COMMON_BLOCKS = YES;
				GCC_WARN_64_TO_32_BIT_CONVERSION = YES;
				GCC_WARN_ABOUT_RETURN_TYPE = YES_ERROR;
				GCC_WARN_UNDECLARED_SELECTOR = YES;
				GCC_WARN_UNINITIALIZED_AUTOS = YES_AGGRESSIVE;
				GCC_WARN_UNUSED_FUNCTION = YES;
				GCC_WARN_UNUSED_VARIABLE = YES;
				IPHONEOS_DEPLOYMENT_TARGET = 13.2;
				MTL_ENABLE_DEBUG_INFO = NO;
				MTL_FAST_MATH = YES;
				SDKROOT = iphoneos;
				SWIFT_COMPILATION_MODE = wholemodule;
				SWIFT_OPTIMIZATION_LEVEL = "-O";
				VALIDATE_PRODUCT = YES;
			};
			name = Release;
		};
		2F773AA724532ABB00E4C928 /* Debug */ = {
			isa = XCBuildConfiguration;
			buildSettings = {
				ASSETCATALOG_COMPILER_APPICON_NAME = AppIcon;
				CODE_SIGN_STYLE = Automatic;
				INFOPLIST_FILE = Skid/Info.plist;
				LD_RUNPATH_SEARCH_PATHS = (
					"$(inherited)",
					"@executable_path/Frameworks",
				);
				PRODUCT_BUNDLE_IDENTIFIER = Tyler.Skid;
				PRODUCT_NAME = "$(TARGET_NAME)";
				SWIFT_VERSION = 5.0;
				TARGETED_DEVICE_FAMILY = "1,2";
			};
			name = Debug;
		};
		2F773AA824532ABB00E4C928 /* Release */ = {
			isa = XCBuildConfiguration;
			buildSettings = {
				ASSETCATALOG_COMPILER_APPICON_NAME = AppIcon;
				CODE_SIGN_STYLE = Automatic;
				INFOPLIST_FILE = Skid/Info.plist;
				LD_RUNPATH_SEARCH_PATHS = (
					"$(inherited)",
					"@executable_path/Frameworks",
				);
				PRODUCT_BUNDLE_IDENTIFIER = Tyler.Skid;
				PRODUCT_NAME = "$(TARGET_NAME)";
				SWIFT_VERSION = 5.0;
				TARGETED_DEVICE_FAMILY = "1,2";
			};
			name = Release;
		};
/* End XCBuildConfiguration section */

/* Begin XCConfigurationList section */
		2F773A8D24532AB900E4C928 /* Build configuration list for PBXProject "Skid" */ = {
			isa = XCConfigurationList;
			buildConfigurations = (
				2F773AA424532ABB00E4C928 /* Debug */,
				2F773AA524532ABB00E4C928 /* Release */,
			);
			defaultConfigurationIsVisible = 0;
			defaultConfigurationName = Release;
		};
		2F773AA624532ABB00E4C928 /* Build configuration list for PBXNativeTarget "Skid" */ = {
			isa = XCConfigurationList;
			buildConfigurations = (
				2F773AA724532ABB00E4C928 /* Debug */,
				2F773AA824532ABB00E4C928 /* Release */,
			);
			defaultConfigurationIsVisible = 0;
			defaultConfigurationName = Release;
		};
/* End XCConfigurationList section */
	};
	rootObject = 2F773A8A24532AB900E4C928 /* Project object */;
}
